
Microsoft Visual Studio Solution File, Format Version 12.00
# Visual Studio 15
VisualStudioVersion = 15.0.28307.106
MinimumVisualStudioVersion = 10.0.40219.1
Project("{8BC9CEB8-8B4A-11D0-8D11-00A0C91BC942}") = "Bootstrap", "bootstrap\Bootstrap.vcxproj", "{AF59BB0B-E059-4773-83DC-728A949647DA}"
EndProject
Project("{8BC9CEB8-8B4A-11D0-8D11-00A0C91BC942}") = "BinaryTrees", "BinaryTrees\BinaryTrees.vcxproj", "{3BE9BF32-FA6F-456B-BE38-86446B460418}"
EndProject
Project("{8BC9CEB8-8B4A-11D0-8D11-00A0C91BC942}") = "SimonGame", "SimonGame\SimonGame.vcxproj", "{DEA49362-B428-4215-8D64-4EA0B4FF0858}"
EndProject
Project("{8BC9CEB8-8B4A-11D0-8D11-00A0C91BC942}") = "HashPractice", "HashPractice\HashPractice.vcxproj", "{10DE4F1F-6F9B-4FDD-A010-2398E45C89DA}"
EndProject
Project("{8BC9CEB8-8B4A-11D0-8D11-00A0C91BC942}") = "Sorting", "Sorting\Sorting.vcxproj", "{955DC687-C6AD-425B-952E-E83C45C235ED}"
EndProject
Project("{8BC9CEB8-8B4A-11D0-8D11-00A0C91BC942}") = "LinkListDemo", "LinkListDemo\LinkListDemo.vcxproj", "{CCF48452-9DA4-40AD-AF18-D8F49730D082}"
EndProject
Project("{8BC9CEB8-8B4A-11D0-8D11-00A0C91BC942}") = "DynamicArrayDemo", "DynamicArrayDemo\DynamicArrayDemo.vcxproj", "{39D357C2-A0DE-4866-9433-80B0DE60AF28}"
EndProject
Project("{8BC9CEB8-8B4A-11D0-8D11-00A0C91BC942}") = "HashProject", "HashProject\HashProject.vcxproj", "{5A400C38-404B-4E01-B03E-023F757629C2}"
EndProject
Global
	GlobalSection(SolutionConfigurationPlatforms) = preSolution
		Debug|x64 = Debug|x64
		Debug|x86 = Debug|x86
		Release|x64 = Release|x64
		Release|x86 = Release|x86
	EndGlobalSection
	GlobalSection(ProjectConfigurationPlatforms) = postSolution
		{AF59BB0B-E059-4773-83DC-728A949647DA}.Debug|x64.ActiveCfg = Debug|x64
		{AF59BB0B-E059-4773-83DC-728A949647DA}.Debug|x64.Build.0 = Debug|x64
		{AF59BB0B-E059-4773-83DC-728A949647DA}.Debug|x86.ActiveCfg = Debug|Win32
		{AF59BB0B-E059-4773-83DC-728A949647DA}.Debug|x86.Build.0 = Debug|Win32
		{AF59BB0B-E059-4773-83DC-728A949647DA}.Release|x64.ActiveCfg = Release|x64
		{AF59BB0B-E059-4773-83DC-728A949647DA}.Release|x64.Build.0 = Release|x64
		{AF59BB0B-E059-4773-83DC-728A949647DA}.Release|x86.ActiveCfg = Release|Win32
		{AF59BB0B-E059-4773-83DC-728A949647DA}.Release|x86.Build.0 = Release|Win32
		{3BE9BF32-FA6F-456B-BE38-86446B460418}.Debug|x64.ActiveCfg = Debug|x64
		{3BE9BF32-FA6F-456B-BE38-86446B460418}.Debug|x64.Build.0 = Debug|x64
		{3BE9BF32-FA6F-456B-BE38-86446B460418}.Debug|x86.ActiveCfg = Debug|Win32
		{3BE9BF32-FA6F-456B-BE38-86446B460418}.Debug|x86.Build.0 = Debug|Win32
		{3BE9BF32-FA6F-456B-BE38-86446B460418}.Release|x64.ActiveCfg = Release|x64
		{3BE9BF32-FA6F-456B-BE38-86446B460418}.Release|x64.Build.0 = Release|x64
		{3BE9BF32-FA6F-456B-BE38-86446B460418}.Release|x86.ActiveCfg = Release|Win32
		{3BE9BF32-FA6F-456B-BE38-86446B460418}.Release|x86.Build.0 = Release|Win32
		{DEA49362-B428-4215-8D64-4EA0B4FF0858}.Debug|x64.ActiveCfg = Debug|x64
		{DEA49362-B428-4215-8D64-4EA0B4FF0858}.Debug|x86.ActiveCfg = Debug|Win32
		{DEA49362-B428-4215-8D64-4EA0B4FF0858}.Debug|x86.Build.0 = Debug|Win32
		{DEA49362-B428-4215-8D64-4EA0B4FF0858}.Release|x64.ActiveCfg = Release|x64
		{DEA49362-B428-4215-8D64-4EA0B4FF0858}.Release|x64.Build.0 = Release|x64
		{DEA49362-B428-4215-8D64-4EA0B4FF0858}.Release|x86.ActiveCfg = Release|Win32
		{DEA49362-B428-4215-8D64-4EA0B4FF0858}.Release|x86.Build.0 = Release|Win32
		{10DE4F1F-6F9B-4FDD-A010-2398E45C89DA}.Debug|x64.ActiveCfg = Debug|x64
		{10DE4F1F-6F9B-4FDD-A010-2398E45C89DA}.Debug|x86.ActiveCfg = Debug|Win32
		{10DE4F1F-6F9B-4FDD-A010-2398E45C89DA}.Debug|x86.Build.0 = Debug|Win32
		{10DE4F1F-6F9B-4FDD-A010-2398E45C89DA}.Release|x64.ActiveCfg = Release|x64
		{10DE4F1F-6F9B-4FDD-A010-2398E45C89DA}.Release|x64.Build.0 = Release|x64
		{10DE4F1F-6F9B-4FDD-A010-2398E45C89DA}.Release|x86.ActiveCfg = Release|Win32
		{10DE4F1F-6F9B-4FDD-A010-2398E45C89DA}.Release|x86.Build.0 = Release|Win32
		{955DC687-C6AD-425B-952E-E83C45C235ED}.Debug|x64.ActiveCfg = Debug|x64
		{955DC687-C6AD-425B-952E-E83C45C235ED}.Debug|x86.ActiveCfg = Debug|Win32
		{955DC687-C6AD-425B-952E-E83C45C235ED}.Debug|x86.Build.0 = Debug|Win32
		{955DC687-C6AD-425B-952E-E83C45C235ED}.Release|x64.ActiveCfg = Release|x64
		{955DC687-C6AD-425B-952E-E83C45C235ED}.Release|x64.Build.0 = Release|x64
		{955DC687-C6AD-425B-952E-E83C45C235ED}.Release|x86.ActiveCfg = Release|Win32
		{955DC687-C6AD-425B-952E-E83C45C235ED}.Release|x86.Build.0 = Release|Win32
		{CCF48452-9DA4-40AD-AF18-D8F49730D082}.Debug|x64.ActiveCfg = Debug|x64
		{CCF48452-9DA4-40AD-AF18-D8F49730D082}.Debug|x86.ActiveCfg = Debug|Win32
		{CCF48452-9DA4-40AD-AF18-D8F49730D082}.Debug|x86.Build.0 = Debug|Win32
		{CCF48452-9DA4-40AD-AF18-D8F49730D082}.Release|x64.ActiveCfg = Release|x64
		{CCF48452-9DA4-40AD-AF18-D8F49730D082}.Release|x64.Build.0 = Release|x64
		{CCF48452-9DA4-40AD-AF18-D8F49730D082}.Release|x86.ActiveCfg = Release|Win32
		{CCF48452-9DA4-40AD-AF18-D8F49730D082}.Release|x86.Build.0 = Release|Win32
		{39D357C2-A0DE-4866-9433-80B0DE60AF28}.Debug|x64.ActiveCfg = Debug|x64
		{39D357C2-A0DE-4866-9433-80B0DE60AF28}.Debug|x64.Build.0 = Debug|x64
		{39D357C2-A0DE-4866-9433-80B0DE60AF28}.Debug|x86.ActiveCfg = Debug|Win32
		{39D357C2-A0DE-4866-9433-80B0DE60AF28}.Debug|x86.Build.0 = Debug|Win32
		{39D357C2-A0DE-4866-9433-80B0DE60AF28}.Release|x64.ActiveCfg = Release|x64
		{39D357C2-A0DE-4866-9433-80B0DE60AF28}.Release|x64.Build.0 = Release|x64
		{39D357C2-A0DE-4866-9433-80B0DE60AF28}.Release|x86.ActiveCfg = Release|Win32
		{39D357C2-A0DE-4866-9433-80B0DE60AF28}.Release|x86.Build.0 = Release|Win32
		{5A400C38-404B-4E01-B03E-023F757629C2}.Debug|x64.ActiveCfg = Debug|x64
		{5A400C38-404B-4E01-B03E-023F757629C2}.Debug|x64.Build.0 = Debug|x64
		{5A400C38-404B-4E01-B03E-023F757629C2}.Debug|x86.ActiveCfg = Debug|Win32
		{5A400C38-404B-4E01-B03E-023F757629C2}.Debug|x86.Build.0 = Debug|Win32
		{5A400C38-404B-4E01-B03E-023F757629C2}.Release|x64.ActiveCfg = Release|x64
		{5A400C38-404B-4E01-B03E-023F757629C2}.Release|x64.Build.0 = Release|x64
		{5A400C38-404B-4E01-B03E-023F757629C2}.Release|x86.ActiveCfg = Release|Win32
		{5A400C38-404B-4E01-B03E-023F757629C2}.Release|x86.Build.0 = Release|Win32
	EndGlobalSection
	GlobalSection(SolutionProperties) = preSolution
		HideSolutionNode = FALSE
	EndGlobalSection
	GlobalSection(ExtensibilityGlobals) = postSolution
		SolutionGuid = {9C70E90A-C247-4459-A245-67629E0AA4E3}
	EndGlobalSection
EndGlobal
