
Microsoft Visual Studio Solution File, Format Version 12.00
# Visual Studio 15
VisualStudioVersion = 15.0.28307.106
MinimumVisualStudioVersion = 10.0.40219.1
Project("{8BC9CEB8-8B4A-11D0-8D11-00A0C91BC942}") = "Bootstrap", "bootstrap\Bootstrap.vcxproj", "{AF59BB0B-E059-4773-83DC-728A949647DA}"
EndProject
Project("{8BC9CEB8-8B4A-11D0-8D11-00A0C91BC942}") = "Project2D", "Project2D\Project2D.vcxproj", "{3F428D0C-1CC8-47C3-818A-A3C2972C74C9}"
	ProjectSection(ProjectDependencies) = postProject
		{AF59BB0B-E059-4773-83DC-728A949647DA} = {AF59BB0B-E059-4773-83DC-728A949647DA}
	EndProjectSection
EndProject
Project("{8BC9CEB8-8B4A-11D0-8D11-00A0C91BC942}") = "Project3D", "Project3D\Project3D.vcxproj", "{EA21C4DF-E331-4FCF-8513-14A3F56B77F3}"
	ProjectSection(ProjectDependencies) = postProject
		{AF59BB0B-E059-4773-83DC-728A949647DA} = {AF59BB0B-E059-4773-83DC-728A949647DA}
	EndProjectSection
EndProject
Project("{8BC9CEB8-8B4A-11D0-8D11-00A0C91BC942}") = "ConnectFour", "ConnectFour\ConnectFour.vcxproj", "{7EC5A540-F418-435A-83D9-BD48CAF90B1E}"
EndProject
Project("{8BC9CEB8-8B4A-11D0-8D11-00A0C91BC942}") = "BinaryTrees", "BinaryTrees\BinaryTrees.vcxproj", "{3BE9BF32-FA6F-456B-BE38-86446B460418}"
EndProject
Project("{8BC9CEB8-8B4A-11D0-8D11-00A0C91BC942}") = "Hashing", "Hashing\Hashing.vcxproj", "{3A94E133-1839-49E5-AA8D-B08AB56B8EA0}"
EndProject
Project("{8BC9CEB8-8B4A-11D0-8D11-00A0C91BC942}") = "SimonGame", "SimonGame\SimonGame.vcxproj", "{DEA49362-B428-4215-8D64-4EA0B4FF0858}"
EndProject
Project("{8BC9CEB8-8B4A-11D0-8D11-00A0C91BC942}") = "HashPractice", "HashPractice\HashPractice.vcxproj", "{10DE4F1F-6F9B-4FDD-A010-2398E45C89DA}"
EndProject
Project("{8BC9CEB8-8B4A-11D0-8D11-00A0C91BC942}") = "ResourceManagment", "ResourceManagment\ResourceManagment.vcxproj", "{B0B6C1D1-0FAF-4FF0-A22F-A828B5E4C88E}"
EndProject
Project("{8BC9CEB8-8B4A-11D0-8D11-00A0C91BC942}") = "Sorting", "Sorting\Sorting.vcxproj", "{955DC687-C6AD-425B-952E-E83C45C235ED}"
EndProject
Project("{8BC9CEB8-8B4A-11D0-8D11-00A0C91BC942}") = "AnimatedSprite", "AnimatedSprite\AnimatedSprite.vcxproj", "{5B39C9A0-5656-4F5C-B009-66EDB2DB4C9F}"
EndProject
Project("{8BC9CEB8-8B4A-11D0-8D11-00A0C91BC942}") = "LinkListDemo", "LinkListDemo\LinkListDemo.vcxproj", "{CCF48452-9DA4-40AD-AF18-D8F49730D082}"
EndProject
Project("{8BC9CEB8-8B4A-11D0-8D11-00A0C91BC942}") = "DynamicArrayDemo", "DynamicArrayDemo\DynamicArrayDemo.vcxproj", "{39D357C2-A0DE-4866-9433-80B0DE60AF28}"
EndProject
Global
	GlobalSection(SolutionConfigurationPlatforms) = preSolution
		Debug|x64 = Debug|x64
		Debug|x86 = Debug|x86
		Release|x64 = Release|x64
		Release|x86 = Release|x86
	EndGlobalSection
	GlobalSection(ProjectConfigurationPlatforms) = postSolution
		{AF59BB0B-E059-4773-83DC-728A949647DA}.Debug|x64.ActiveCfg = Debug|x64
		{AF59BB0B-E059-4773-83DC-728A949647DA}.Debug|x86.ActiveCfg = Debug|Win32
		{AF59BB0B-E059-4773-83DC-728A949647DA}.Debug|x86.Build.0 = Debug|Win32
		{AF59BB0B-E059-4773-83DC-728A949647DA}.Release|x64.ActiveCfg = Release|x64
		{AF59BB0B-E059-4773-83DC-728A949647DA}.Release|x86.ActiveCfg = Release|Win32
		{AF59BB0B-E059-4773-83DC-728A949647DA}.Release|x86.Build.0 = Release|Win32
		{3F428D0C-1CC8-47C3-818A-A3C2972C74C9}.Debug|x64.ActiveCfg = Debug|x64
		{3F428D0C-1CC8-47C3-818A-A3C2972C74C9}.Debug|x86.ActiveCfg = Debug|Win32
		{3F428D0C-1CC8-47C3-818A-A3C2972C74C9}.Debug|x86.Build.0 = Debug|Win32
		{3F428D0C-1CC8-47C3-818A-A3C2972C74C9}.Release|x64.ActiveCfg = Release|x64
		{3F428D0C-1CC8-47C3-818A-A3C2972C74C9}.Release|x86.ActiveCfg = Release|Win32
		{3F428D0C-1CC8-47C3-818A-A3C2972C74C9}.Release|x86.Build.0 = Release|Win32
		{EA21C4DF-E331-4FCF-8513-14A3F56B77F3}.Debug|x64.ActiveCfg = Debug|x64
		{EA21C4DF-E331-4FCF-8513-14A3F56B77F3}.Debug|x86.ActiveCfg = Debug|Win32
		{EA21C4DF-E331-4FCF-8513-14A3F56B77F3}.Debug|x86.Build.0 = Debug|Win32
		{EA21C4DF-E331-4FCF-8513-14A3F56B77F3}.Release|x64.ActiveCfg = Release|x64
		{EA21C4DF-E331-4FCF-8513-14A3F56B77F3}.Release|x86.ActiveCfg = Release|Win32
		{EA21C4DF-E331-4FCF-8513-14A3F56B77F3}.Release|x86.Build.0 = Release|Win32
		{7EC5A540-F418-435A-83D9-BD48CAF90B1E}.Debug|x64.ActiveCfg = Debug|x64
		{7EC5A540-F418-435A-83D9-BD48CAF90B1E}.Debug|x86.ActiveCfg = Debug|Win32
		{7EC5A540-F418-435A-83D9-BD48CAF90B1E}.Debug|x86.Build.0 = Debug|Win32
		{7EC5A540-F418-435A-83D9-BD48CAF90B1E}.Release|x64.ActiveCfg = Release|x64
		{7EC5A540-F418-435A-83D9-BD48CAF90B1E}.Release|x86.ActiveCfg = Release|Win32
		{7EC5A540-F418-435A-83D9-BD48CAF90B1E}.Release|x86.Build.0 = Release|Win32
		{3BE9BF32-FA6F-456B-BE38-86446B460418}.Debug|x64.ActiveCfg = Debug|x64
		{3BE9BF32-FA6F-456B-BE38-86446B460418}.Debug|x86.ActiveCfg = Debug|Win32
		{3BE9BF32-FA6F-456B-BE38-86446B460418}.Debug|x86.Build.0 = Debug|Win32
		{3BE9BF32-FA6F-456B-BE38-86446B460418}.Release|x64.ActiveCfg = Release|x64
		{3BE9BF32-FA6F-456B-BE38-86446B460418}.Release|x86.ActiveCfg = Release|Win32
		{3BE9BF32-FA6F-456B-BE38-86446B460418}.Release|x86.Build.0 = Release|Win32
		{3A94E133-1839-49E5-AA8D-B08AB56B8EA0}.Debug|x64.ActiveCfg = Debug|x64
		{3A94E133-1839-49E5-AA8D-B08AB56B8EA0}.Debug|x86.ActiveCfg = Debug|Win32
		{3A94E133-1839-49E5-AA8D-B08AB56B8EA0}.Debug|x86.Build.0 = Debug|Win32
		{3A94E133-1839-49E5-AA8D-B08AB56B8EA0}.Release|x64.ActiveCfg = Release|x64
		{3A94E133-1839-49E5-AA8D-B08AB56B8EA0}.Release|x86.ActiveCfg = Release|Win32
		{3A94E133-1839-49E5-AA8D-B08AB56B8EA0}.Release|x86.Build.0 = Release|Win32
		{DEA49362-B428-4215-8D64-4EA0B4FF0858}.Debug|x64.ActiveCfg = Debug|x64
		{DEA49362-B428-4215-8D64-4EA0B4FF0858}.Debug|x64.Build.0 = Debug|x64
		{DEA49362-B428-4215-8D64-4EA0B4FF0858}.Debug|x86.ActiveCfg = Debug|Win32
		{DEA49362-B428-4215-8D64-4EA0B4FF0858}.Debug|x86.Build.0 = Debug|Win32
		{DEA49362-B428-4215-8D64-4EA0B4FF0858}.Release|x64.ActiveCfg = Release|x64
		{DEA49362-B428-4215-8D64-4EA0B4FF0858}.Release|x64.Build.0 = Release|x64
		{DEA49362-B428-4215-8D64-4EA0B4FF0858}.Release|x86.ActiveCfg = Release|Win32
		{DEA49362-B428-4215-8D64-4EA0B4FF0858}.Release|x86.Build.0 = Release|Win32
		{10DE4F1F-6F9B-4FDD-A010-2398E45C89DA}.Debug|x64.ActiveCfg = Debug|x64
		{10DE4F1F-6F9B-4FDD-A010-2398E45C89DA}.Debug|x64.Build.0 = Debug|x64
		{10DE4F1F-6F9B-4FDD-A010-2398E45C89DA}.Debug|x86.ActiveCfg = Debug|Win32
		{10DE4F1F-6F9B-4FDD-A010-2398E45C89DA}.Debug|x86.Build.0 = Debug|Win32
		{10DE4F1F-6F9B-4FDD-A010-2398E45C89DA}.Release|x64.ActiveCfg = Release|x64
		{10DE4F1F-6F9B-4FDD-A010-2398E45C89DA}.Release|x64.Build.0 = Release|x64
		{10DE4F1F-6F9B-4FDD-A010-2398E45C89DA}.Release|x86.ActiveCfg = Release|Win32
		{10DE4F1F-6F9B-4FDD-A010-2398E45C89DA}.Release|x86.Build.0 = Release|Win32
		{B0B6C1D1-0FAF-4FF0-A22F-A828B5E4C88E}.Debug|x64.ActiveCfg = Debug|x64
		{B0B6C1D1-0FAF-4FF0-A22F-A828B5E4C88E}.Debug|x86.ActiveCfg = Debug|Win32
		{B0B6C1D1-0FAF-4FF0-A22F-A828B5E4C88E}.Debug|x86.Build.0 = Debug|Win32
		{B0B6C1D1-0FAF-4FF0-A22F-A828B5E4C88E}.Release|x64.ActiveCfg = Release|x64
		{B0B6C1D1-0FAF-4FF0-A22F-A828B5E4C88E}.Release|x86.ActiveCfg = Release|Win32
		{B0B6C1D1-0FAF-4FF0-A22F-A828B5E4C88E}.Release|x86.Build.0 = Release|Win32
		{955DC687-C6AD-425B-952E-E83C45C235ED}.Debug|x64.ActiveCfg = Debug|x64
		{955DC687-C6AD-425B-952E-E83C45C235ED}.Debug|x64.Build.0 = Debug|x64
		{955DC687-C6AD-425B-952E-E83C45C235ED}.Debug|x86.ActiveCfg = Debug|Win32
		{955DC687-C6AD-425B-952E-E83C45C235ED}.Debug|x86.Build.0 = Debug|Win32
		{955DC687-C6AD-425B-952E-E83C45C235ED}.Release|x64.ActiveCfg = Release|x64
		{955DC687-C6AD-425B-952E-E83C45C235ED}.Release|x64.Build.0 = Release|x64
		{955DC687-C6AD-425B-952E-E83C45C235ED}.Release|x86.ActiveCfg = Release|Win32
		{955DC687-C6AD-425B-952E-E83C45C235ED}.Release|x86.Build.0 = Release|Win32
		{5B39C9A0-5656-4F5C-B009-66EDB2DB4C9F}.Debug|x64.ActiveCfg = Debug|x64
		{5B39C9A0-5656-4F5C-B009-66EDB2DB4C9F}.Debug|x86.ActiveCfg = Debug|Win32
		{5B39C9A0-5656-4F5C-B009-66EDB2DB4C9F}.Debug|x86.Build.0 = Debug|Win32
		{5B39C9A0-5656-4F5C-B009-66EDB2DB4C9F}.Release|x64.ActiveCfg = Release|x64
		{5B39C9A0-5656-4F5C-B009-66EDB2DB4C9F}.Release|x86.ActiveCfg = Release|Win32
		{5B39C9A0-5656-4F5C-B009-66EDB2DB4C9F}.Release|x86.Build.0 = Release|Win32
		{CCF48452-9DA4-40AD-AF18-D8F49730D082}.Debug|x64.ActiveCfg = Debug|x64
		{CCF48452-9DA4-40AD-AF18-D8F49730D082}.Debug|x64.Build.0 = Debug|x64
		{CCF48452-9DA4-40AD-AF18-D8F49730D082}.Debug|x86.ActiveCfg = Debug|Win32
		{CCF48452-9DA4-40AD-AF18-D8F49730D082}.Debug|x86.Build.0 = Debug|Win32
		{CCF48452-9DA4-40AD-AF18-D8F49730D082}.Release|x64.ActiveCfg = Release|x64
		{CCF48452-9DA4-40AD-AF18-D8F49730D082}.Release|x64.Build.0 = Release|x64
		{CCF48452-9DA4-40AD-AF18-D8F49730D082}.Release|x86.ActiveCfg = Release|Win32
		{CCF48452-9DA4-40AD-AF18-D8F49730D082}.Release|x86.Build.0 = Release|Win32
		{39D357C2-A0DE-4866-9433-80B0DE60AF28}.Debug|x64.ActiveCfg = Debug|x64
		{39D357C2-A0DE-4866-9433-80B0DE60AF28}.Debug|x64.Build.0 = Debug|x64
		{39D357C2-A0DE-4866-9433-80B0DE60AF28}.Debug|x86.ActiveCfg = Debug|Win32
		{39D357C2-A0DE-4866-9433-80B0DE60AF28}.Debug|x86.Build.0 = Debug|Win32
		{39D357C2-A0DE-4866-9433-80B0DE60AF28}.Release|x64.ActiveCfg = Release|x64
		{39D357C2-A0DE-4866-9433-80B0DE60AF28}.Release|x64.Build.0 = Release|x64
		{39D357C2-A0DE-4866-9433-80B0DE60AF28}.Release|x86.ActiveCfg = Release|Win32
		{39D357C2-A0DE-4866-9433-80B0DE60AF28}.Release|x86.Build.0 = Release|Win32
	EndGlobalSection
	GlobalSection(SolutionProperties) = preSolution
		HideSolutionNode = FALSE
	EndGlobalSection
	GlobalSection(ExtensibilityGlobals) = postSolution
		SolutionGuid = {9C70E90A-C247-4459-A245-67629E0AA4E3}
	EndGlobalSection
EndGlobal
